
Microsoft Visual Studio Solution File, Format Version 12.00
# Visual Studio Version 17
VisualStudioVersion = 17.14.36915.13 d17.14
MinimumVisualStudioVersion = 10.0.40219.1
Project("{FAE04EC0-301F-11D3-BF4B-00C04F79EFBC}") = "RetailOrdering.API", "RetailOrdering.API.csproj", "{B4C8A03A-016E-4145-BE59-1FE8CC7F2F70}"
EndProject
Global
	GlobalSection(SolutionConfigurationPlatforms) = preSolution
		Debug|Any CPU = Debug|Any CPU
		Release|Any CPU = Release|Any CPU
	EndGlobalSection
	GlobalSection(ProjectConfigurationPlatforms) = postSolution
		{B4C8A03A-016E-4145-BE59-1FE8CC7F2F70}.Debug|Any CPU.ActiveCfg = Debug|Any CPU
		{B4C8A03A-016E-4145-BE59-1FE8CC7F2F70}.Debug|Any CPU.Build.0 = Debug|Any CPU
		{B4C8A03A-016E-4145-BE59-1FE8CC7F2F70}.Release|Any CPU.ActiveCfg = Release|Any CPU
		{B4C8A03A-016E-4145-BE59-1FE8CC7F2F70}.Release|Any CPU.Build.0 = Release|Any CPU
	EndGlobalSection
	GlobalSection(SolutionProperties) = preSolution
		HideSolutionNode = FALSE
	EndGlobalSection
	GlobalSection(ExtensibilityGlobals) = postSolution
		SolutionGuid = {1434A7AE-A9F8-4395-8D4C-2D4950B41FD5}
	EndGlobalSection
EndGlobal
